
Microsoft Visual Studio Solution File, Format Version 12.00
# Visual Studio Version 16
VisualStudioVersion = 25.0.1706.2
MinimumVisualStudioVersion = 10.0.40219.1
Project("{FAE04EC0-301F-11D3-BF4B-00C04F79EFBC}") = "sqldemo", "sqldemo\sqldemo.csproj", "{10BD599C-F189-444F-A861-4D8552871E09}"
EndProject
Global
	GlobalSection(SolutionConfigurationPlatforms) = preSolution
		Debug|Any CPU = Debug|Any CPU
		Release|Any CPU = Release|Any CPU
	EndGlobalSection
	GlobalSection(ProjectConfigurationPlatforms) = postSolution
		{10BD599C-F189-444F-A861-4D8552871E09}.Debug|Any CPU.ActiveCfg = Debug|Any CPU
		{10BD599C-F189-444F-A861-4D8552871E09}.Debug|Any CPU.Build.0 = Debug|Any CPU
		{10BD599C-F189-444F-A861-4D8552871E09}.Release|Any CPU.ActiveCfg = Release|Any CPU
		{10BD599C-F189-444F-A861-4D8552871E09}.Release|Any CPU.Build.0 = Release|Any CPU
	EndGlobalSection
	GlobalSection(SolutionProperties) = preSolution
		HideSolutionNode = FALSE
	EndGlobalSection
	GlobalSection(ExtensibilityGlobals) = postSolution
		SolutionGuid = {75FD644C-C28D-45A5-BC64-EF63D81F998D}
	EndGlobalSection
EndGlobal
